
Microsoft Visual Studio Solution File, Format Version 12.00
# Visual Studio Version 17
VisualStudioVersion = 17.7.34031.279
MinimumVisualStudioVersion = 10.0.40219.1
Project("{FAE04EC0-301F-11D3-BF4B-00C04F79EFBC}") = "DockerDotnetSqlExample", "DockerDotnetSqlExample\DockerDotnetSqlExample.csproj", "{32CE1156-54FA-4129-9F86-8E522A751523}"
EndProject
Global
	GlobalSection(SolutionConfigurationPlatforms) = preSolution
		Debug|Any CPU = Debug|Any CPU
		Release|Any CPU = Release|Any CPU
	EndGlobalSection
	GlobalSection(ProjectConfigurationPlatforms) = postSolution
		{32CE1156-54FA-4129-9F86-8E522A751523}.Debug|Any CPU.ActiveCfg = Debug|Any CPU
		{32CE1156-54FA-4129-9F86-8E522A751523}.Debug|Any CPU.Build.0 = Debug|Any CPU
		{32CE1156-54FA-4129-9F86-8E522A751523}.Release|Any CPU.ActiveCfg = Release|Any CPU
		{32CE1156-54FA-4129-9F86-8E522A751523}.Release|Any CPU.Build.0 = Release|Any CPU
	EndGlobalSection
	GlobalSection(SolutionProperties) = preSolution
		HideSolutionNode = FALSE
	EndGlobalSection
	GlobalSection(ExtensibilityGlobals) = postSolution
		SolutionGuid = {96FDCDFB-1A9E-4CB6-910F-AE71548ECCAC}
	EndGlobalSection
EndGlobal
